
Microsoft Visual Studio Solution File, Format Version 12.00
# Visual Studio Version 16
VisualStudioVersion = 16.0.32228.343
MinimumVisualStudioVersion = 10.0.40219.1
Project("{9A19103F-16F7-4668-BE54-9A1E7A4F7556}") = "PlayerModel", "PlayerModel.csproj", "{F4729AD2-2925-4583-AFE3-BDD80240D65B}"
EndProject
Global
	GlobalSection(SolutionConfigurationPlatforms) = preSolution
		Debug|Any CPU = Debug|Any CPU
		Release|Any CPU = Release|Any CPU
	EndGlobalSection
	GlobalSection(ProjectConfigurationPlatforms) = postSolution
		{F4729AD2-2925-4583-AFE3-BDD80240D65B}.Debug|Any CPU.ActiveCfg = Debug|Any CPU
		{F4729AD2-2925-4583-AFE3-BDD80240D65B}.Debug|Any CPU.Build.0 = Debug|Any CPU
		{F4729AD2-2925-4583-AFE3-BDD80240D65B}.Release|Any CPU.ActiveCfg = Release|Any CPU
		{F4729AD2-2925-4583-AFE3-BDD80240D65B}.Release|Any CPU.Build.0 = Release|Any CPU
	EndGlobalSection
	GlobalSection(SolutionProperties) = preSolution
		HideSolutionNode = FALSE
	EndGlobalSection
	GlobalSection(ExtensibilityGlobals) = postSolution
		SolutionGuid = {70EBA368-1813-4EB7-BAA5-D56C89B56697}
	EndGlobalSection
EndGlobal
